
Microsoft Visual Studio Solution File, Format Version 12.00
# Visual Studio 14
VisualStudioVersion = 14.0.25123.0
MinimumVisualStudioVersion = 10.0.40219.1
Project("{FAE04EC0-301F-11D3-BF4B-00C04F79EFBC}") = "ShoesShop", "ShoesShop\ShoesShop.csproj", "{85777215-385C-424F-8125-D351EECAFE31}"
EndProject
Project("{FAE04EC0-301F-11D3-BF4B-00C04F79EFBC}") = "Model", "Model\Model.csproj", "{7AD7C82D-21A5-430D-8F45-5C463658C130}"
EndProject
Global
	GlobalSection(SolutionConfigurationPlatforms) = preSolution
		Debug|Any CPU = Debug|Any CPU
		Release|Any CPU = Release|Any CPU
	EndGlobalSection
	GlobalSection(ProjectConfigurationPlatforms) = postSolution
		{85777215-385C-424F-8125-D351EECAFE31}.Debug|Any CPU.ActiveCfg = Debug|Any CPU
		{85777215-385C-424F-8125-D351EECAFE31}.Debug|Any CPU.Build.0 = Debug|Any CPU
		{85777215-385C-424F-8125-D351EECAFE31}.Release|Any CPU.ActiveCfg = Release|Any CPU
		{85777215-385C-424F-8125-D351EECAFE31}.Release|Any CPU.Build.0 = Release|Any CPU
		{7AD7C82D-21A5-430D-8F45-5C463658C130}.Debug|Any CPU.ActiveCfg = Debug|Any CPU
		{7AD7C82D-21A5-430D-8F45-5C463658C130}.Debug|Any CPU.Build.0 = Debug|Any CPU
		{7AD7C82D-21A5-430D-8F45-5C463658C130}.Release|Any CPU.ActiveCfg = Release|Any CPU
		{7AD7C82D-21A5-430D-8F45-5C463658C130}.Release|Any CPU.Build.0 = Release|Any CPU
	EndGlobalSection
	GlobalSection(SolutionProperties) = preSolution
		HideSolutionNode = FALSE
	EndGlobalSection
EndGlobal
